
Microsoft Visual Studio Solution File, Format Version 12.00
# Visual Studio Version 17
VisualStudioVersion = 17.1.32421.90
MinimumVisualStudioVersion = 10.0.40219.1
Project("{FAE04EC0-301F-11D3-BF4B-00C04F79EFBC}") = "Lab_7_OOP", "Lab_7_OOP\Lab_7_OOP.csproj", "{D5783A87-4A2E-46A0-87E7-280F77178E2B}"
EndProject
Global
	GlobalSection(SolutionConfigurationPlatforms) = preSolution
		Debug|Any CPU = Debug|Any CPU
		Release|Any CPU = Release|Any CPU
	EndGlobalSection
	GlobalSection(ProjectConfigurationPlatforms) = postSolution
		{D5783A87-4A2E-46A0-87E7-280F77178E2B}.Debug|Any CPU.ActiveCfg = Debug|Any CPU
		{D5783A87-4A2E-46A0-87E7-280F77178E2B}.Debug|Any CPU.Build.0 = Debug|Any CPU
		{D5783A87-4A2E-46A0-87E7-280F77178E2B}.Release|Any CPU.ActiveCfg = Release|Any CPU
		{D5783A87-4A2E-46A0-87E7-280F77178E2B}.Release|Any CPU.Build.0 = Release|Any CPU
	EndGlobalSection
	GlobalSection(SolutionProperties) = preSolution
		HideSolutionNode = FALSE
	EndGlobalSection
	GlobalSection(ExtensibilityGlobals) = postSolution
		SolutionGuid = {80B45678-0E20-4AD0-B26C-FF1DA547E56A}
	EndGlobalSection
EndGlobal
